
Microsoft Visual Studio Solution File, Format Version 12.00
# Visual Studio Version 17
VisualStudioVersion = 17.13.35919.96 d17.13
MinimumVisualStudioVersion = 10.0.40219.1
Project("{FAE04EC0-301F-11D3-BF4B-00C04F79EFBC}") = "LibreriaWeb", "LibreriaWeb.csproj", "{D7D22A53-7962-4927-A611-51F080D473AF}"
EndProject
Global
	GlobalSection(SolutionConfigurationPlatforms) = preSolution
		Debug|Any CPU = Debug|Any CPU
		Release|Any CPU = Release|Any CPU
	EndGlobalSection
	GlobalSection(ProjectConfigurationPlatforms) = postSolution
		{D7D22A53-7962-4927-A611-51F080D473AF}.Debug|Any CPU.ActiveCfg = Debug|Any CPU
		{D7D22A53-7962-4927-A611-51F080D473AF}.Debug|Any CPU.Build.0 = Debug|Any CPU
		{D7D22A53-7962-4927-A611-51F080D473AF}.Release|Any CPU.ActiveCfg = Release|Any CPU
		{D7D22A53-7962-4927-A611-51F080D473AF}.Release|Any CPU.Build.0 = Release|Any CPU
	EndGlobalSection
	GlobalSection(SolutionProperties) = preSolution
		HideSolutionNode = FALSE
	EndGlobalSection
	GlobalSection(ExtensibilityGlobals) = postSolution
		SolutionGuid = {60107645-635A-4424-ABC5-D9249616D1E5}
	EndGlobalSection
EndGlobal
